{
  "name": "mern-student-project",
  "lockfileVersion": 2,
  "requires": true,
  "packages": {
    "": {
      "dependencies": {
        "typescript": "^4.8.3",
        "typescript-json": "^3.2.4"
      }
    },
    "node_modules/typescript": {
      "version": "4.8.3",
      "resolved": "https://registry.npmjs.org/typescript/-/typescript-4.8.3.tgz",
      "integrity": "sha512-goMHfm00nWPa8UvR/CPSvykqf6dVV8x/dp0c5mFTMTIu0u0FlGWRioyy7Nn0PGAdHxpJZnuO/ut+PpQ8UiHAig==",
      "bin": {
        "tsc": "bin/tsc",
        "tsserver": "bin/tsserver"
      },
      "engines": {
        "node": ">=4.2.0"
      }
    },
    "node_modules/typescript-json": {
      "version": "3.2.4",
      "resolved": "https://registry.npmjs.org/typescript-json/-/typescript-json-3.2.4.tgz",
      "integrity": "sha512-yCVpA1f+9PE74AVITaJ52E8yMNYBKPl9Dlktbqwq8mlquDLvD2l+OKgybF4Gr7I1pjFTQiVztTzHzBgFrmBDyg=="
    }
  },
  "dependencies": {
    "typescript": {
      "version": "4.8.3",
      "resolved": "https://registry.npmjs.org/typescript/-/typescript-4.8.3.tgz",
      "integrity": "sha512-goMHfm00nWPa8UvR/CPSvykqf6dVV8x/dp0c5mFTMTIu0u0FlGWRioyy7Nn0PGAdHxpJZnuO/ut+PpQ8UiHAig=="
    },
    "typescript-json": {
      "version": "3.2.4",
      "resolved": "https://registry.npmjs.org/typescript-json/-/typescript-json-3.2.4.tgz",
      "integrity": "sha512-yCVpA1f+9PE74AVITaJ52E8yMNYBKPl9Dlktbqwq8mlquDLvD2l+OKgybF4Gr7I1pjFTQiVztTzHzBgFrmBDyg=="
    }
  }
}
